
{
  "nodes": {
    "crane": {
      "inputs": {
        "flake-compat": "flake-compat",
        "flake-utils": [
          "nru",
          "flake-utils"
        ],
        "nixpkgs": [
          "nru",
          "nixpkgs"
        ],
        "rust-overlay": [
          "nru",
          "rust-overlay"
        ]
      },
      "locked": {
        "lastModified": 1670900067,
        "narHash": "sha256-VXVa+KBfukhmWizaiGiHRVX/fuk66P8dgSFfkVN4/MY=",
        "owner": "ipetkov",
        "repo": "crane",
        "rev": "59b31b41a589c0a65e4a1f86b0e5eac68081468b",
        "type": "github"
      },
      "original": {
        "owner": "ipetkov",
        "repo": "crane",
        "type": "github"
      }
    },
    "flake-compat": {
      "flake": false,
      "locked": {
        "lastModified": 1668681692,
        "narHash": "sha256-Ht91NGdewz8IQLtWZ9LCeNXMSXHUss+9COoqu6JLmXU=",
        "owner": "edolstra",
        "repo": "flake-compat",
        "rev": "009399224d5e398d03b22badca40a37ac85412a1",
        "type": "github"
      },
      "original": {
        "owner": "edolstra",
        "repo": "flake-compat",
        "type": "github"
      }
    },
    "flake-utils": {
      "locked": {
        "lastModified": 1667395993,
        "narHash": "sha256-nuEHfE/LcWyuSWnS8t12N1wc105Qtau+/OdUAjtQ0rA=",
        "owner": "numtide",
        "repo": "flake-utils",
        "rev": "5aed5285a952e0b949eb3ba02c12fa4fcfef535f",
        "type": "github"
      },
      "original": {
        "owner": "numtide",
        "repo": "flake-utils",
        "type": "github"
      }
    },
    "nixpkgs": {
      "locked": {
        "lastModified": 1671473896,
        "narHash": "sha256-mdIxpGEfiEQdfdqvPO7JXln1885z+awbbUXONd+eGug=",
        "owner": "NixOS",
        "repo": "nixpkgs",
        "rev": "ba86945ee00a5c046f68451c1db279ea5e2bc797",
        "type": "github"
      },
      "original": {
        "id": "nixpkgs",
        "ref": "release-22.11",
        "type": "indirect"
      }
    },
    "nru": {
      "inputs": {
        "crane": "crane",
        "flake-utils": "flake-utils",
        "nixpkgs": "nixpkgs",
        "rust-overlay": "rust-overlay"
      },
      "locked": {
        "lastModified": 1677223359,
        "narHash": "sha256-HXEupg55MOL9mwESrupAgwYDkSHla5L8W0Wvt7r8yWI=",
        "owner": "voidcontext",
        "repo": "nix-rust-utils",
        "rev": "45722064d13fee8dc66bd6250e42dbd87578b931",
        "type": "github"
      },
      "original": {
        "owner": "voidcontext",
        "ref": "v0.4.1",
        "repo": "nix-rust-utils",
        "type": "github"
      }
    },
    "root": {
      "inputs": {
        "nru": "nru"
      }
    },
    "rust-overlay": {
      "inputs": {
        "flake-utils": [
          "nru",
          "flake-utils"
        ],
        "nixpkgs": [
          "nru",
          "nixpkgs"
        ]
      },
      "locked": {
        "lastModified": 1671416426,
        "narHash": "sha256-kpSH1Jrxfk2qd0pRPJn1eQdIOseGv5JuE+YaOrqU9s4=",
        "owner": "oxalica",
        "repo": "rust-overlay",
        "rev": "fbaaff24f375ac25ec64268b0a0d63f91e474b7d",
        "type": "github"
      },
      "original": {
        "owner": "oxalica",
        "repo": "rust-overlay",
        "type": "github"
      }
    }
  },